
Microsoft Visual Studio Solution File, Format Version 12.00
# Visual Studio Version 17
VisualStudioVersion = 17.7.33711.374
MinimumVisualStudioVersion = 10.0.40219.1
Project("{9A19103F-16F7-4668-BE54-9A1E7A4F7556}") = "FoyleSoft.AzureCore", "FoyleSoft.AzureCore\FoyleSoft.AzureCore.csproj", "{9B66EB7E-6C37-4A7F-AF11-40E390392E85}"
EndProject
Project("{FAE04EC0-301F-11D3-BF4B-00C04F79EFBC}") = "DemoAzureFunction", "DemoAzureFunction\DemoAzureFunction.csproj", "{33643FF1-6942-48E2-8F35-E1FB577C5A17}"
EndProject
Global
	GlobalSection(SolutionConfigurationPlatforms) = preSolution
		Debug|Any CPU = Debug|Any CPU
		Release|Any CPU = Release|Any CPU
	EndGlobalSection
	GlobalSection(ProjectConfigurationPlatforms) = postSolution
		{9B66EB7E-6C37-4A7F-AF11-40E390392E85}.Debug|Any CPU.ActiveCfg = Debug|Any CPU
		{9B66EB7E-6C37-4A7F-AF11-40E390392E85}.Debug|Any CPU.Build.0 = Debug|Any CPU
		{9B66EB7E-6C37-4A7F-AF11-40E390392E85}.Release|Any CPU.ActiveCfg = Release|Any CPU
		{9B66EB7E-6C37-4A7F-AF11-40E390392E85}.Release|Any CPU.Build.0 = Release|Any CPU
		{33643FF1-6942-48E2-8F35-E1FB577C5A17}.Debug|Any CPU.ActiveCfg = Debug|Any CPU
		{33643FF1-6942-48E2-8F35-E1FB577C5A17}.Debug|Any CPU.Build.0 = Debug|Any CPU
		{33643FF1-6942-48E2-8F35-E1FB577C5A17}.Release|Any CPU.ActiveCfg = Release|Any CPU
		{33643FF1-6942-48E2-8F35-E1FB577C5A17}.Release|Any CPU.Build.0 = Release|Any CPU
	EndGlobalSection
	GlobalSection(SolutionProperties) = preSolution
		HideSolutionNode = FALSE
	EndGlobalSection
	GlobalSection(ExtensibilityGlobals) = postSolution
		SolutionGuid = {0CE604A1-81AA-4D3E-9B52-D4B577C4F8D4}
	EndGlobalSection
EndGlobal
